
Microsoft Visual Studio Solution File, Format Version 12.00
Project("{FAE04EC0-301F-11D3-BF4B-00C04F79EFBC}") = "ProductService", "src\ProductService\ProductService.csproj", "{F991B9B8-A6B4-427B-BF68-BFA0DE5B9CB8}"
EndProject
Project("{2150E333-8FDC-42A3-9474-1A3956D46DE8}") = "Solution Items", "Solution Items", "{85BAFB25-A65F-4EC9-9232-FC5B75B4A55F}"
	ProjectSection(SolutionItems) = preProject
		docker-compose.yml = docker-compose.yml
		pipeline.yml = pipeline.yml
	EndProjectSection
EndProject
Project("{FAE04EC0-301F-11D3-BF4B-00C04F79EFBC}") = "UnitTests", "test\UnitTests\UnitTests.csproj", "{64299D46-38AF-44DB-9E94-B09CB00BF78D}"
EndProject
Project("{FAE04EC0-301F-11D3-BF4B-00C04F79EFBC}") = "IntegrationTests", "test\IntegrationTests\IntegrationTests.csproj", "{A0A916FB-17F0-46CA-A470-48EDC26253C9}"
EndProject
Global
	GlobalSection(SolutionConfigurationPlatforms) = preSolution
		Debug|Any CPU = Debug|Any CPU
		Release|Any CPU = Release|Any CPU
	EndGlobalSection
	GlobalSection(ProjectConfigurationPlatforms) = postSolution
		{F991B9B8-A6B4-427B-BF68-BFA0DE5B9CB8}.Debug|Any CPU.ActiveCfg = Debug|Any CPU
		{F991B9B8-A6B4-427B-BF68-BFA0DE5B9CB8}.Debug|Any CPU.Build.0 = Debug|Any CPU
		{F991B9B8-A6B4-427B-BF68-BFA0DE5B9CB8}.Release|Any CPU.ActiveCfg = Release|Any CPU
		{F991B9B8-A6B4-427B-BF68-BFA0DE5B9CB8}.Release|Any CPU.Build.0 = Release|Any CPU
		{64299D46-38AF-44DB-9E94-B09CB00BF78D}.Debug|Any CPU.ActiveCfg = Debug|Any CPU
		{64299D46-38AF-44DB-9E94-B09CB00BF78D}.Debug|Any CPU.Build.0 = Debug|Any CPU
		{64299D46-38AF-44DB-9E94-B09CB00BF78D}.Release|Any CPU.ActiveCfg = Release|Any CPU
		{64299D46-38AF-44DB-9E94-B09CB00BF78D}.Release|Any CPU.Build.0 = Release|Any CPU
		{A0A916FB-17F0-46CA-A470-48EDC26253C9}.Debug|Any CPU.ActiveCfg = Debug|Any CPU
		{A0A916FB-17F0-46CA-A470-48EDC26253C9}.Debug|Any CPU.Build.0 = Debug|Any CPU
		{A0A916FB-17F0-46CA-A470-48EDC26253C9}.Release|Any CPU.ActiveCfg = Release|Any CPU
		{A0A916FB-17F0-46CA-A470-48EDC26253C9}.Release|Any CPU.Build.0 = Release|Any CPU
	EndGlobalSection
EndGlobal
